
Microsoft Visual Studio Solution File, Format Version 12.00
# Visual Studio Version 17
VisualStudioVersion = 17.8.34316.72
MinimumVisualStudioVersion = 10.0.40219.1
Project("{9A19103F-16F7-4668-BE54-9A1E7A4F7556}") = "factory-method", "factory-method\factory-method.csproj", "{EB7674ED-B262-4BDF-A415-D7FAD6CD0DE5}"
EndProject
Project("{9A19103F-16F7-4668-BE54-9A1E7A4F7556}") = "abstract-factory", "abstract-factory\abstract-factory.csproj", "{09F74674-F7C1-4F2E-9FDD-D9328EB0B3F0}"
EndProject
Project("{9A19103F-16F7-4668-BE54-9A1E7A4F7556}") = "pattern-builder", "pattern-builder\pattern-builder.csproj", "{FDC23BCA-FFF4-40C7-BC27-789E50C5A76C}"
EndProject
Project("{9A19103F-16F7-4668-BE54-9A1E7A4F7556}") = "pattern-singleton", "pattern-singleton\pattern-singleton.csproj", "{B4BAC28D-7B86-4ADF-87EF-D550AEFE64AF}"
EndProject
Project("{FAE04EC0-301F-11D3-BF4B-00C04F79EFBC}") = "pattern-decorator", "pattern-decorator\pattern-decorator.csproj", "{544DAD2D-6262-4016-8BCB-835EFF014A34}"
EndProject
Project("{FAE04EC0-301F-11D3-BF4B-00C04F79EFBC}") = "factory-method-full", "factory-method-full\factory-method-full.csproj", "{0A58BC27-541D-485F-AEAB-04E7BFBEF80E}"
EndProject
Global
	GlobalSection(SolutionConfigurationPlatforms) = preSolution
		Debug|Any CPU = Debug|Any CPU
		Release|Any CPU = Release|Any CPU
	EndGlobalSection
	GlobalSection(ProjectConfigurationPlatforms) = postSolution
		{EB7674ED-B262-4BDF-A415-D7FAD6CD0DE5}.Debug|Any CPU.ActiveCfg = Debug|Any CPU
		{EB7674ED-B262-4BDF-A415-D7FAD6CD0DE5}.Debug|Any CPU.Build.0 = Debug|Any CPU
		{EB7674ED-B262-4BDF-A415-D7FAD6CD0DE5}.Release|Any CPU.ActiveCfg = Release|Any CPU
		{EB7674ED-B262-4BDF-A415-D7FAD6CD0DE5}.Release|Any CPU.Build.0 = Release|Any CPU
		{09F74674-F7C1-4F2E-9FDD-D9328EB0B3F0}.Debug|Any CPU.ActiveCfg = Debug|Any CPU
		{09F74674-F7C1-4F2E-9FDD-D9328EB0B3F0}.Debug|Any CPU.Build.0 = Debug|Any CPU
		{09F74674-F7C1-4F2E-9FDD-D9328EB0B3F0}.Release|Any CPU.ActiveCfg = Release|Any CPU
		{09F74674-F7C1-4F2E-9FDD-D9328EB0B3F0}.Release|Any CPU.Build.0 = Release|Any CPU
		{FDC23BCA-FFF4-40C7-BC27-789E50C5A76C}.Debug|Any CPU.ActiveCfg = Debug|Any CPU
		{FDC23BCA-FFF4-40C7-BC27-789E50C5A76C}.Debug|Any CPU.Build.0 = Debug|Any CPU
		{FDC23BCA-FFF4-40C7-BC27-789E50C5A76C}.Release|Any CPU.ActiveCfg = Release|Any CPU
		{FDC23BCA-FFF4-40C7-BC27-789E50C5A76C}.Release|Any CPU.Build.0 = Release|Any CPU
		{B4BAC28D-7B86-4ADF-87EF-D550AEFE64AF}.Debug|Any CPU.ActiveCfg = Debug|Any CPU
		{B4BAC28D-7B86-4ADF-87EF-D550AEFE64AF}.Debug|Any CPU.Build.0 = Debug|Any CPU
		{B4BAC28D-7B86-4ADF-87EF-D550AEFE64AF}.Release|Any CPU.ActiveCfg = Release|Any CPU
		{B4BAC28D-7B86-4ADF-87EF-D550AEFE64AF}.Release|Any CPU.Build.0 = Release|Any CPU
		{0A58BC27-541D-485F-AEAB-04E7BFBEF80E}.Debug|Any CPU.ActiveCfg = Debug|Any CPU
		{0A58BC27-541D-485F-AEAB-04E7BFBEF80E}.Debug|Any CPU.Build.0 = Debug|Any CPU
		{0A58BC27-541D-485F-AEAB-04E7BFBEF80E}.Release|Any CPU.ActiveCfg = Release|Any CPU
		{0A58BC27-541D-485F-AEAB-04E7BFBEF80E}.Release|Any CPU.Build.0 = Release|Any CPU
	EndGlobalSection
	GlobalSection(SolutionProperties) = preSolution
		HideSolutionNode = FALSE
	EndGlobalSection
	GlobalSection(ExtensibilityGlobals) = postSolution
		SolutionGuid = {AE26A844-D04C-42B2-9750-3D697919351D}
	EndGlobalSection
EndGlobal
